<?xml version="1.0" encoding="utf-8"?>
<Project ToolsVersion="4.0" xmlns="http://schemas.microsoft.com/developer/msbuild/2003">
  <ItemGroup>
    <Filter Include="Resource Files">
      <UniqueIdentifier>{67DA6AB6-F800-4c08-8B7A-83BB121AAD01}</UniqueIdentifier>
      <Extensions>rc;ico;cur;bmp;dlg;rc2;rct;bin;rgs;gif;jpg;jpeg;jpe;resx;tiff;tif;png;wav;mfcribbon-ms</Extensions>
    </Filter>
    <Filter Include="source">
      <UniqueIdentifier>{5e6c643b-33d8-4ee0-a6a7-fcf7272311ae}</UniqueIdentifier>
    </Filter>
    <Filter Include="source\xe">
      <UniqueIdentifier>{bd588f43-089c-41af-927f-43df9802ce8f}</UniqueIdentifier>
    </Filter>
    <Filter Include="Project">
      <UniqueIdentifier>{d9ad34d4-1f24-432e-ab41-3adb4beb52b5}</UniqueIdentifier>
    </Filter>
  </ItemGroup>
  <ItemGroup>
    <ClCompile Include="..\..\..\source\xe\Xe.c">
      <Filter>source\xe</Filter>
    </ClCompile>
    <ClCompile Include="pch.cpp">
      <Filter>Project</Filter>
    </ClCompile>
  </ItemGroup>
  <ItemGroup>
    <ClInclude Include="..\..\..\source\xe\Xe.h">
      <Filter>source\xe</Filter>
    </ClInclude>
    <ClInclude Include="..\..\..\source\xe\XeGame.h">
      <Filter>source\xe</Filter>
    </ClInclude>
    <ClInclude Include="pch.h">
      <Filter>Project</Filter>
    </ClInclude>
  </ItemGroup>
</Project>